
Microsoft Visual Studio Solution File, Format Version 12.00
# Visual Studio Version 16
VisualStudioVersion = 16.0.30320.27
MinimumVisualStudioVersion = 10.0.40219.1
Project("{9A19103F-16F7-4668-BE54-9A1E7A4F7556}") = "BackEndServices", "BackEndServices\BackEndServices.csproj", "{04487B68-2BE4-4A08-A772-153CB3F2AF2B}"
EndProject
Project("{FAE04EC0-301F-11D3-BF4B-00C04F79EFBC}") = "BackEndServicesTests", "BackEndServicesTests\BackEndServicesTests.csproj", "{A49927FB-4B4E-48CA-8E5C-360A0B3700D7}"
EndProject
Global
	GlobalSection(SolutionConfigurationPlatforms) = preSolution
		Debug|Any CPU = Debug|Any CPU
		Release|Any CPU = Release|Any CPU
	EndGlobalSection
	GlobalSection(ProjectConfigurationPlatforms) = postSolution
		{04487B68-2BE4-4A08-A772-153CB3F2AF2B}.Debug|Any CPU.ActiveCfg = Debug|Any CPU
		{04487B68-2BE4-4A08-A772-153CB3F2AF2B}.Debug|Any CPU.Build.0 = Debug|Any CPU
		{04487B68-2BE4-4A08-A772-153CB3F2AF2B}.Release|Any CPU.ActiveCfg = Release|Any CPU
		{04487B68-2BE4-4A08-A772-153CB3F2AF2B}.Release|Any CPU.Build.0 = Release|Any CPU
		{A49927FB-4B4E-48CA-8E5C-360A0B3700D7}.Debug|Any CPU.ActiveCfg = Debug|Any CPU
		{A49927FB-4B4E-48CA-8E5C-360A0B3700D7}.Debug|Any CPU.Build.0 = Debug|Any CPU
		{A49927FB-4B4E-48CA-8E5C-360A0B3700D7}.Release|Any CPU.ActiveCfg = Release|Any CPU
		{A49927FB-4B4E-48CA-8E5C-360A0B3700D7}.Release|Any CPU.Build.0 = Release|Any CPU
	EndGlobalSection
	GlobalSection(SolutionProperties) = preSolution
		HideSolutionNode = FALSE
	EndGlobalSection
	GlobalSection(ExtensibilityGlobals) = postSolution
		SolutionGuid = {BA2F5C9D-A75D-4118-BA57-C2A98C73B5FA}
	EndGlobalSection
EndGlobal
